// !$*UTF8*$!
{
	archiveVersion = 1;
	classes = {
	};
	objectVersion = 56;
	objects = {

/* Begin PBXBuildFile section */
		48A2FED22C5A0BB8009E6DB5 /* SimplePickerViewExampleViewController.swift in Sources */ = {isa = PBXBuildFile; fileRef = 48A2FED12C5A0BB8009E6DB5 /* SimplePickerViewExampleViewController.swift */; };
		48A2FED42C5A0DDC009E6DB5 /* NumbersViewController.swift in Sources */ = {isa = PBXBuildFile; fileRef = 48A2FED32C5A0DDC009E6DB5 /* NumbersViewController.swift */; };
		48CA27D12C58FB7500D84F23 /* AppDelegate.swift in Sources */ = {isa = PBXBuildFile; fileRef = 48CA27D02C58FB7500D84F23 /* AppDelegate.swift */; };
		48CA27D32C58FB7500D84F23 /* SceneDelegate.swift in Sources */ = {isa = PBXBuildFile; fileRef = 48CA27D22C58FB7500D84F23 /* SceneDelegate.swift */; };
		48CA27D52C58FB7500D84F23 /* PickerViewController.swift in Sources */ = {isa = PBXBuildFile; fileRef = 48CA27D42C58FB7500D84F23 /* PickerViewController.swift */; };
		48CA27DA2C58FB7700D84F23 /* Assets.xcassets in Resources */ = {isa = PBXBuildFile; fileRef = 48CA27D92C58FB7700D84F23 /* Assets.xcassets */; };
		48CA27DD2C58FB7700D84F23 /* Base in Resources */ = {isa = PBXBuildFile; fileRef = 48CA27DC2C58FB7700D84F23 /* Base */; };
		48CA27E62C58FC6D00D84F23 /* RxCocoa in Frameworks */ = {isa = PBXBuildFile; productRef = 48CA27E52C58FC6D00D84F23 /* RxCocoa */; };
		48CA27E82C58FC6D00D84F23 /* RxSwift in Frameworks */ = {isa = PBXBuildFile; productRef = 48CA27E72C58FC6D00D84F23 /* RxSwift */; };
		48CA27EB2C58FC7900D84F23 /* SnapKit in Frameworks */ = {isa = PBXBuildFile; productRef = 48CA27EA2C58FC7900D84F23 /* SnapKit */; };
		48CA27ED2C59007000D84F23 /* SwitchTableViewController.swift in Sources */ = {isa = PBXBuildFile; fileRef = 48CA27EC2C59007000D84F23 /* SwitchTableViewController.swift */; };
		48CA27EF2C5906D500D84F23 /* TextFieldButtonViewController.swift in Sources */ = {isa = PBXBuildFile; fileRef = 48CA27EE2C5906D500D84F23 /* TextFieldButtonViewController.swift */; };
		48CA27F12C591D4200D84F23 /* JustViewController.swift in Sources */ = {isa = PBXBuildFile; fileRef = 48CA27F02C591D4200D84F23 /* JustViewController.swift */; };
		48CA27F42C5921AC00D84F23 /* BasicButtonViewController.swift in Sources */ = {isa = PBXBuildFile; fileRef = 48CA27F32C5921AC00D84F23 /* BasicButtonViewController.swift */; };
		48E7E0462C5A1B6400DBBBB0 /* SimpleValidationViewController.swift in Sources */ = {isa = PBXBuildFile; fileRef = 48E7E0452C5A1B6400DBBBB0 /* SimpleValidationViewController.swift */; };
		48E7E0482C5A240E00DBBBB0 /* SimpleTableViewExampleViewController.swift in Sources */ = {isa = PBXBuildFile; fileRef = 48E7E0472C5A240E00DBBBB0 /* SimpleTableViewExampleViewController.swift */; };
		48E7E04E2C5D10C500DBBBB0 /* SimpleTableViewExample2ViewController.swift in Sources */ = {isa = PBXBuildFile; fileRef = 48E7E04D2C5D10C500DBBBB0 /* SimpleTableViewExample2ViewController.swift */; };
		48E7E0502C5D18BA00DBBBB0 /* SimpleValidation2ViewController.swift in Sources */ = {isa = PBXBuildFile; fileRef = 48E7E04F2C5D18BA00DBBBB0 /* SimpleValidation2ViewController.swift */; };
		48E7E0642C5FA8F200DBBBB0 /* Numbers2ViewController.swift in Sources */ = {isa = PBXBuildFile; fileRef = 48E7E0632C5FA8F200DBBBB0 /* Numbers2ViewController.swift */; };
/* End PBXBuildFile section */

/* Begin PBXFileReference section */
		48A2FED12C5A0BB8009E6DB5 /* SimplePickerViewExampleViewController.swift */ = {isa = PBXFileReference; lastKnownFileType = sourcecode.swift; path = SimplePickerViewExampleViewController.swift; sourceTree = "<group>"; };
		48A2FED32C5A0DDC009E6DB5 /* NumbersViewController.swift */ = {isa = PBXFileReference; lastKnownFileType = sourcecode.swift; path = NumbersViewController.swift; sourceTree = "<group>"; };
		48CA27CD2C58FB7500D84F23 /* RxSwiftPractice.app */ = {isa = PBXFileReference; explicitFileType = wrapper.application; includeInIndex = 0; path = RxSwiftPractice.app; sourceTree = BUILT_PRODUCTS_DIR; };
		48CA27D02C58FB7500D84F23 /* AppDelegate.swift */ = {isa = PBXFileReference; lastKnownFileType = sourcecode.swift; path = AppDelegate.swift; sourceTree = "<group>"; };
		48CA27D22C58FB7500D84F23 /* SceneDelegate.swift */ = {isa = PBXFileReference; lastKnownFileType = sourcecode.swift; path = SceneDelegate.swift; sourceTree = "<group>"; };
		48CA27D42C58FB7500D84F23 /* PickerViewController.swift */ = {isa = PBXFileReference; lastKnownFileType = sourcecode.swift; path = PickerViewController.swift; sourceTree = "<group>"; };
		48CA27D92C58FB7700D84F23 /* Assets.xcassets */ = {isa = PBXFileReference; lastKnownFileType = folder.assetcatalog; path = Assets.xcassets; sourceTree = "<group>"; };
		48CA27DC2C58FB7700D84F23 /* Base */ = {isa = PBXFileReference; lastKnownFileType = file.storyboard; name = Base; path = Base.lproj/LaunchScreen.storyboard; sourceTree = "<group>"; };
		48CA27DE2C58FB7700D84F23 /* Info.plist */ = {isa = PBXFileReference; lastKnownFileType = text.plist.xml; path = Info.plist; sourceTree = "<group>"; };
		48CA27EC2C59007000D84F23 /* SwitchTableViewController.swift */ = {isa = PBXFileReference; lastKnownFileType = sourcecode.swift; path = SwitchTableViewController.swift; sourceTree = "<group>"; };
		48CA27EE2C5906D500D84F23 /* TextFieldButtonViewController.swift */ = {isa = PBXFileReference; lastKnownFileType = sourcecode.swift; path = TextFieldButtonViewController.swift; sourceTree = "<group>"; };
		48CA27F02C591D4200D84F23 /* JustViewController.swift */ = {isa = PBXFileReference; lastKnownFileType = sourcecode.swift; path = JustViewController.swift; sourceTree = "<group>"; };
		48CA27F32C5921AC00D84F23 /* BasicButtonViewController.swift */ = {isa = PBXFileReference; lastKnownFileType = sourcecode.swift; path = BasicButtonViewController.swift; sourceTree = "<group>"; };
		48E7E0452C5A1B6400DBBBB0 /* SimpleValidationViewController.swift */ = {isa = PBXFileReference; lastKnownFileType = sourcecode.swift; path = SimpleValidationViewController.swift; sourceTree = "<group>"; };
		48E7E0472C5A240E00DBBBB0 /* SimpleTableViewExampleViewController.swift */ = {isa = PBXFileReference; lastKnownFileType = sourcecode.swift; path = SimpleTableViewExampleViewController.swift; sourceTree = "<group>"; };
		48E7E04D2C5D10C500DBBBB0 /* SimpleTableViewExample2ViewController.swift */ = {isa = PBXFileReference; lastKnownFileType = sourcecode.swift; path = SimpleTableViewExample2ViewController.swift; sourceTree = "<group>"; };
		48E7E04F2C5D18BA00DBBBB0 /* SimpleValidation2ViewController.swift */ = {isa = PBXFileReference; lastKnownFileType = sourcecode.swift; path = SimpleValidation2ViewController.swift; sourceTree = "<group>"; };
		48E7E0632C5FA8F200DBBBB0 /* Numbers2ViewController.swift */ = {isa = PBXFileReference; lastKnownFileType = sourcecode.swift; path = Numbers2ViewController.swift; sourceTree = "<group>"; };
/* End PBXFileReference section */

/* Begin PBXFrameworksBuildPhase section */
		48CA27CA2C58FB7500D84F23 /* Frameworks */ = {
			isa = PBXFrameworksBuildPhase;
			buildActionMask = 2147483647;
			files = (
				48CA27EB2C58FC7900D84F23 /* SnapKit in Frameworks */,
				48CA27E82C58FC6D00D84F23 /* RxSwift in Frameworks */,
				48CA27E62C58FC6D00D84F23 /* RxCocoa in Frameworks */,
			);
			runOnlyForDeploymentPostprocessing = 0;
		};
/* End PBXFrameworksBuildPhase section */

/* Begin PBXGroup section */
		48A2FED02C5A0B73009E6DB5 /* SampleProject02 */ = {
			isa = PBXGroup;
			children = (
				48A2FED12C5A0BB8009E6DB5 /* SimplePickerViewExampleViewController.swift */,
				48A2FED32C5A0DDC009E6DB5 /* NumbersViewController.swift */,
				48E7E0452C5A1B6400DBBBB0 /* SimpleValidationViewController.swift */,
				48E7E0472C5A240E00DBBBB0 /* SimpleTableViewExampleViewController.swift */,
			);
			path = SampleProject02;
			sourceTree = "<group>";
		};
		48CA27C42C58FB7500D84F23 = {
			isa = PBXGroup;
			children = (
				48CA27CF2C58FB7500D84F23 /* RxSwiftPractice */,
				48CA27CE2C58FB7500D84F23 /* Products */,
			);
			sourceTree = "<group>";
		};
		48CA27CE2C58FB7500D84F23 /* Products */ = {
			isa = PBXGroup;
			children = (
				48CA27CD2C58FB7500D84F23 /* RxSwiftPractice.app */,
			);
			name = Products;
			sourceTree = "<group>";
		};
		48CA27CF2C58FB7500D84F23 /* RxSwiftPractice */ = {
			isa = PBXGroup;
			children = (
				48E7E04C2C5D10A200DBBBB0 /* SampleProject03 */,
				48CA27F22C591D4F00D84F23 /* SampleProject01 */,
				48A2FED02C5A0B73009E6DB5 /* SampleProject02 */,
				48CA27D02C58FB7500D84F23 /* AppDelegate.swift */,
				48CA27D22C58FB7500D84F23 /* SceneDelegate.swift */,
				48CA27D92C58FB7700D84F23 /* Assets.xcassets */,
				48CA27DB2C58FB7700D84F23 /* LaunchScreen.storyboard */,
				48CA27DE2C58FB7700D84F23 /* Info.plist */,
			);
			path = RxSwiftPractice;
			sourceTree = "<group>";
		};
		48CA27F22C591D4F00D84F23 /* SampleProject01 */ = {
			isa = PBXGroup;
			children = (
				48CA27EC2C59007000D84F23 /* SwitchTableViewController.swift */,
				48CA27D42C58FB7500D84F23 /* PickerViewController.swift */,
				48CA27EE2C5906D500D84F23 /* TextFieldButtonViewController.swift */,
				48CA27F02C591D4200D84F23 /* JustViewController.swift */,
				48CA27F32C5921AC00D84F23 /* BasicButtonViewController.swift */,
			);
			path = SampleProject01;
			sourceTree = "<group>";
		};
		48E7E04C2C5D10A200DBBBB0 /* SampleProject03 */ = {
			isa = PBXGroup;
			children = (
				48E7E04D2C5D10C500DBBBB0 /* SimpleTableViewExample2ViewController.swift */,
				48E7E04F2C5D18BA00DBBBB0 /* SimpleValidation2ViewController.swift */,
				48E7E0632C5FA8F200DBBBB0 /* Numbers2ViewController.swift */,
			);
			path = SampleProject03;
			sourceTree = "<group>";
		};
/* End PBXGroup section */

/* Begin PBXNativeTarget section */
		48CA27CC2C58FB7500D84F23 /* RxSwiftPractice */ = {
			isa = PBXNativeTarget;
			buildConfigurationList = 48CA27E12C58FB7700D84F23 /* Build configuration list for PBXNativeTarget "RxSwiftPractice" */;
			buildPhases = (
				48CA27C92C58FB7500D84F23 /* Sources */,
				48CA27CA2C58FB7500D84F23 /* Frameworks */,
				48CA27CB2C58FB7500D84F23 /* Resources */,
			);
			buildRules = (
			);
			dependencies = (
			);
			name = RxSwiftPractice;
			packageProductDependencies = (
				48CA27E52C58FC6D00D84F23 /* RxCocoa */,
				48CA27E72C58FC6D00D84F23 /* RxSwift */,
				48CA27EA2C58FC7900D84F23 /* SnapKit */,
			);
			productName = RxSwiftPractice;
			productReference = 48CA27CD2C58FB7500D84F23 /* RxSwiftPractice.app */;
			productType = "com.apple.product-type.application";
		};
/* End PBXNativeTarget section */

/* Begin PBXProject section */
		48CA27C52C58FB7500D84F23 /* Project object */ = {
			isa = PBXProject;
			attributes = {
				BuildIndependentTargetsInParallel = 1;
				LastSwiftUpdateCheck = 1530;
				LastUpgradeCheck = 1530;
				TargetAttributes = {
					48CA27CC2C58FB7500D84F23 = {
						CreatedOnToolsVersion = 15.3;
					};
				};
			};
			buildConfigurationList = 48CA27C82C58FB7500D84F23 /* Build configuration list for PBXProject "RxSwiftPractice" */;
			compatibilityVersion = "Xcode 14.0";
			developmentRegion = en;
			hasScannedForEncodings = 0;
			knownRegions = (
				en,
				Base,
			);
			mainGroup = 48CA27C42C58FB7500D84F23;
			packageReferences = (
				48CA27E42C58FC6D00D84F23 /* XCRemoteSwiftPackageReference "RxSwift" */,
				48CA27E92C58FC7900D84F23 /* XCRemoteSwiftPackageReference "SnapKit" */,
			);
			productRefGroup = 48CA27CE2C58FB7500D84F23 /* Products */;
			projectDirPath = "";
			projectRoot = "";
			targets = (
				48CA27CC2C58FB7500D84F23 /* RxSwiftPractice */,
			);
		};
/* End PBXProject section */

/* Begin PBXResourcesBuildPhase section */
		48CA27CB2C58FB7500D84F23 /* Resources */ = {
			isa = PBXResourcesBuildPhase;
			buildActionMask = 2147483647;
			files = (
				48CA27DA2C58FB7700D84F23 /* Assets.xcassets in Resources */,
				48CA27DD2C58FB7700D84F23 /* Base in Resources */,
			);
			runOnlyForDeploymentPostprocessing = 0;
		};
/* End PBXResourcesBuildPhase section */

/* Begin PBXSourcesBuildPhase section */
		48CA27C92C58FB7500D84F23 /* Sources */ = {
			isa = PBXSourcesBuildPhase;
			buildActionMask = 2147483647;
			files = (
				48E7E0482C5A240E00DBBBB0 /* SimpleTableViewExampleViewController.swift in Sources */,
				48CA27D52C58FB7500D84F23 /* PickerViewController.swift in Sources */,
				48CA27F42C5921AC00D84F23 /* BasicButtonViewController.swift in Sources */,
				48CA27D12C58FB7500D84F23 /* AppDelegate.swift in Sources */,
				48A2FED42C5A0DDC009E6DB5 /* NumbersViewController.swift in Sources */,
				48CA27F12C591D4200D84F23 /* JustViewController.swift in Sources */,
				48A2FED22C5A0BB8009E6DB5 /* SimplePickerViewExampleViewController.swift in Sources */,
				48CA27D32C58FB7500D84F23 /* SceneDelegate.swift in Sources */,
				48E7E04E2C5D10C500DBBBB0 /* SimpleTableViewExample2ViewController.swift in Sources */,
				48CA27ED2C59007000D84F23 /* SwitchTableViewController.swift in Sources */,
				48E7E0502C5D18BA00DBBBB0 /* SimpleValidation2ViewController.swift in Sources */,
				48E7E0642C5FA8F200DBBBB0 /* Numbers2ViewController.swift in Sources */,
				48CA27EF2C5906D500D84F23 /* TextFieldButtonViewController.swift in Sources */,
				48E7E0462C5A1B6400DBBBB0 /* SimpleValidationViewController.swift in Sources */,
			);
			runOnlyForDeploymentPostprocessing = 0;
		};
/* End PBXSourcesBuildPhase section */

/* Begin PBXVariantGroup section */
		48CA27DB2C58FB7700D84F23 /* LaunchScreen.storyboard */ = {
			isa = PBXVariantGroup;
			children = (
				48CA27DC2C58FB7700D84F23 /* Base */,
			);
			name = LaunchScreen.storyboard;
			sourceTree = "<group>";
		};
/* End PBXVariantGroup section */

/* Begin XCBuildConfiguration section */
		48CA27DF2C58FB7700D84F23 /* Debug */ = {
			isa = XCBuildConfiguration;
			buildSettings = {
				ALWAYS_SEARCH_USER_PATHS = NO;
				ASSETCATALOG_COMPILER_GENERATE_SWIFT_ASSET_SYMBOL_EXTENSIONS = YES;
				CLANG_ANALYZER_NONNULL = YES;
				CLANG_ANALYZER_NUMBER_OBJECT_CONVERSION = YES_AGGRESSIVE;
				CLANG_CXX_LANGUAGE_STANDARD = "gnu++20";
				CLANG_ENABLE_MODULES = YES;
				CLANG_ENABLE_OBJC_ARC = YES;
				CLANG_ENABLE_OBJC_WEAK = YES;
				CLANG_WARN_BLOCK_CAPTURE_AUTORELEASING = YES;
				CLANG_WARN_BOOL_CONVERSION = YES;
				CLANG_WARN_COMMA = YES;
				CLANG_WARN_CONSTANT_CONVERSION = YES;
				CLANG_WARN_DEPRECATED_OBJC_IMPLEMENTATIONS = YES;
				CLANG_WARN_DIRECT_OBJC_ISA_USAGE = YES_ERROR;
				CLANG_WARN_DOCUMENTATION_COMMENTS = YES;
				CLANG_WARN_EMPTY_BODY = YES;
				CLANG_WARN_ENUM_CONVERSION = YES;
				CLANG_WARN_INFINITE_RECURSION = YES;
				CLANG_WARN_INT_CONVERSION = YES;
				CLANG_WARN_NON_LITERAL_NULL_CONVERSION = YES;
				CLANG_WARN_OBJC_IMPLICIT_RETAIN_SELF = YES;
				CLANG_WARN_OBJC_LITERAL_CONVERSION = YES;
				CLANG_WARN_OBJC_ROOT_CLASS = YES_ERROR;
				CLANG_WARN_QUOTED_INCLUDE_IN_FRAMEWORK_HEADER = YES;
				CLANG_WARN_RANGE_LOOP_ANALYSIS = YES;
				CLANG_WARN_STRICT_PROTOTYPES = YES;
				CLANG_WARN_SUSPICIOUS_MOVE = YES;
				CLANG_WARN_UNGUARDED_AVAILABILITY = YES_AGGRESSIVE;
				CLANG_WARN_UNREACHABLE_CODE = YES;
				CLANG_WARN__DUPLICATE_METHOD_MATCH = YES;
				COPY_PHASE_STRIP = NO;
				DEBUG_INFORMATION_FORMAT = dwarf;
				ENABLE_STRICT_OBJC_MSGSEND = YES;
				ENABLE_TESTABILITY = YES;
				ENABLE_USER_SCRIPT_SANDBOXING = YES;
				GCC_C_LANGUAGE_STANDARD = gnu17;
				GCC_DYNAMIC_NO_PIC = NO;
				GCC_NO_COMMON_BLOCKS = YES;
				GCC_OPTIMIZATION_LEVEL = 0;
				GCC_PREPROCESSOR_DEFINITIONS = (
					"DEBUG=1",
					"$(inherited)",
				);
				GCC_WARN_64_TO_32_BIT_CONVERSION = YES;
				GCC_WARN_ABOUT_RETURN_TYPE = YES_ERROR;
				GCC_WARN_UNDECLARED_SELECTOR = YES;
				GCC_WARN_UNINITIALIZED_AUTOS = YES_AGGRESSIVE;
				GCC_WARN_UNUSED_FUNCTION = YES;
				GCC_WARN_UNUSED_VARIABLE = YES;
				IPHONEOS_DEPLOYMENT_TARGET = 17.4;
				LOCALIZATION_PREFERS_STRING_CATALOGS = YES;
				MTL_ENABLE_DEBUG_INFO = INCLUDE_SOURCE;
				MTL_FAST_MATH = YES;
				ONLY_ACTIVE_ARCH = YES;
				SDKROOT = iphoneos;
				SWIFT_ACTIVE_COMPILATION_CONDITIONS = "DEBUG $(inherited)";
				SWIFT_OPTIMIZATION_LEVEL = "-Onone";
			};
			name = Debug;
		};
		48CA27E02C58FB7700D84F23 /* Release */ = {
			isa = XCBuildConfiguration;
			buildSettings = {
				ALWAYS_SEARCH_USER_PATHS = NO;
				ASSETCATALOG_COMPILER_GENERATE_SWIFT_ASSET_SYMBOL_EXTENSIONS = YES;
				CLANG_ANALYZER_NONNULL = YES;
				CLANG_ANALYZER_NUMBER_OBJECT_CONVERSION = YES_AGGRESSIVE;
				CLANG_CXX_LANGUAGE_STANDARD = "gnu++20";
				CLANG_ENABLE_MODULES = YES;
				CLANG_ENABLE_OBJC_ARC = YES;
				CLANG_ENABLE_OBJC_WEAK = YES;
				CLANG_WARN_BLOCK_CAPTURE_AUTORELEASING = YES;
				CLANG_WARN_BOOL_CONVERSION = YES;
				CLANG_WARN_COMMA = YES;
				CLANG_WARN_CONSTANT_CONVERSION = YES;
				CLANG_WARN_DEPRECATED_OBJC_IMPLEMENTATIONS = YES;
				CLANG_WARN_DIRECT_OBJC_ISA_USAGE = YES_ERROR;
				CLANG_WARN_DOCUMENTATION_COMMENTS = YES;
				CLANG_WARN_EMPTY_BODY = YES;
				CLANG_WARN_ENUM_CONVERSION = YES;
				CLANG_WARN_INFINITE_RECURSION = YES;
				CLANG_WARN_INT_CONVERSION = YES;
				CLANG_WARN_NON_LITERAL_NULL_CONVERSION = YES;
				CLANG_WARN_OBJC_IMPLICIT_RETAIN_SELF = YES;
				CLANG_WARN_OBJC_LITERAL_CONVERSION = YES;
				CLANG_WARN_OBJC_ROOT_CLASS = YES_ERROR;
				CLANG_WARN_QUOTED_INCLUDE_IN_FRAMEWORK_HEADER = YES;
				CLANG_WARN_RANGE_LOOP_ANALYSIS = YES;
				CLANG_WARN_STRICT_PROTOTYPES = YES;
				CLANG_WARN_SUSPICIOUS_MOVE = YES;
				CLANG_WARN_UNGUARDED_AVAILABILITY = YES_AGGRESSIVE;
				CLANG_WARN_UNREACHABLE_CODE = YES;
				CLANG_WARN__DUPLICATE_METHOD_MATCH = YES;
				COPY_PHASE_STRIP = NO;
				DEBUG_INFORMATION_FORMAT = "dwarf-with-dsym";
				ENABLE_NS_ASSERTIONS = NO;
				ENABLE_STRICT_OBJC_MSGSEND = YES;
				ENABLE_USER_SCRIPT_SANDBOXING = YES;
				GCC_C_LANGUAGE_STANDARD = gnu17;
				GCC_NO_COMMON_BLOCKS = YES;
				GCC_WARN_64_TO_32_BIT_CONVERSION = YES;
				GCC_WARN_ABOUT_RETURN_TYPE = YES_ERROR;
				GCC_WARN_UNDECLARED_SELECTOR = YES;
				GCC_WARN_UNINITIALIZED_AUTOS = YES_AGGRESSIVE;
				GCC_WARN_UNUSED_FUNCTION = YES;
				GCC_WARN_UNUSED_VARIABLE = YES;
				IPHONEOS_DEPLOYMENT_TARGET = 17.4;
				LOCALIZATION_PREFERS_STRING_CATALOGS = YES;
				MTL_ENABLE_DEBUG_INFO = NO;
				MTL_FAST_MATH = YES;
				SDKROOT = iphoneos;
				SWIFT_COMPILATION_MODE = wholemodule;
				VALIDATE_PRODUCT = YES;
			};
			name = Release;
		};
		48CA27E22C58FB7700D84F23 /* Debug */ = {
			isa = XCBuildConfiguration;
			buildSettings = {
				ASSETCATALOG_COMPILER_APPICON_NAME = AppIcon;
				ASSETCATALOG_COMPILER_GLOBAL_ACCENT_COLOR_NAME = AccentColor;
				CODE_SIGN_STYLE = Automatic;
				CURRENT_PROJECT_VERSION = 1;
				DEVELOPMENT_TEAM = U4HJYQP2ZD;
				GENERATE_INFOPLIST_FILE = YES;
				INFOPLIST_FILE = RxSwiftPractice/Info.plist;
				INFOPLIST_KEY_UIApplicationSupportsIndirectInputEvents = YES;
				INFOPLIST_KEY_UILaunchStoryboardName = LaunchScreen;
				INFOPLIST_KEY_UISupportedInterfaceOrientations_iPad = "UIInterfaceOrientationPortrait UIInterfaceOrientationPortraitUpsideDown UIInterfaceOrientationLandscapeLeft UIInterfaceOrientationLandscapeRight";
				INFOPLIST_KEY_UISupportedInterfaceOrientations_iPhone = "UIInterfaceOrientationPortrait UIInterfaceOrientationLandscapeLeft UIInterfaceOrientationLandscapeRight";
				LD_RUNPATH_SEARCH_PATHS = (
					"$(inherited)",
					"@executable_path/Frameworks",
				);
				MARKETING_VERSION = 1.0;
				PRODUCT_BUNDLE_IDENTIFIER = com.dahyun.RxSwiftPractice;
				PRODUCT_NAME = "$(TARGET_NAME)";
				SWIFT_EMIT_LOC_STRINGS = YES;
				SWIFT_VERSION = 5.0;
				TARGETED_DEVICE_FAMILY = "1,2";
			};
			name = Debug;
		};
		48CA27E32C58FB7700D84F23 /* Release */ = {
			isa = XCBuildConfiguration;
			buildSettings = {
				ASSETCATALOG_COMPILER_APPICON_NAME = AppIcon;
				ASSETCATALOG_COMPILER_GLOBAL_ACCENT_COLOR_NAME = AccentColor;
				CODE_SIGN_STYLE = Automatic;
				CURRENT_PROJECT_VERSION = 1;
				DEVELOPMENT_TEAM = U4HJYQP2ZD;
				GENERATE_INFOPLIST_FILE = YES;
				INFOPLIST_FILE = RxSwiftPractice/Info.plist;
				INFOPLIST_KEY_UIApplicationSupportsIndirectInputEvents = YES;
				INFOPLIST_KEY_UILaunchStoryboardName = LaunchScreen;
				INFOPLIST_KEY_UISupportedInterfaceOrientations_iPad = "UIInterfaceOrientationPortrait UIInterfaceOrientationPortraitUpsideDown UIInterfaceOrientationLandscapeLeft UIInterfaceOrientationLandscapeRight";
				INFOPLIST_KEY_UISupportedInterfaceOrientations_iPhone = "UIInterfaceOrientationPortrait UIInterfaceOrientationLandscapeLeft UIInterfaceOrientationLandscapeRight";
				LD_RUNPATH_SEARCH_PATHS = (
					"$(inherited)",
					"@executable_path/Frameworks",
				);
				MARKETING_VERSION = 1.0;
				PRODUCT_BUNDLE_IDENTIFIER = com.dahyun.RxSwiftPractice;
				PRODUCT_NAME = "$(TARGET_NAME)";
				SWIFT_EMIT_LOC_STRINGS = YES;
				SWIFT_VERSION = 5.0;
				TARGETED_DEVICE_FAMILY = "1,2";
			};
			name = Release;
		};
/* End XCBuildConfiguration section */

/* Begin XCConfigurationList section */
		48CA27C82C58FB7500D84F23 /* Build configuration list for PBXProject "RxSwiftPractice" */ = {
			isa = XCConfigurationList;
			buildConfigurations = (
				48CA27DF2C58FB7700D84F23 /* Debug */,
				48CA27E02C58FB7700D84F23 /* Release */,
			);
			defaultConfigurationIsVisible = 0;
			defaultConfigurationName = Release;
		};
		48CA27E12C58FB7700D84F23 /* Build configuration list for PBXNativeTarget "RxSwiftPractice" */ = {
			isa = XCConfigurationList;
			buildConfigurations = (
				48CA27E22C58FB7700D84F23 /* Debug */,
				48CA27E32C58FB7700D84F23 /* Release */,
			);
			defaultConfigurationIsVisible = 0;
			defaultConfigurationName = Release;
		};
/* End XCConfigurationList section */

/* Begin XCRemoteSwiftPackageReference section */
		48CA27E42C58FC6D00D84F23 /* XCRemoteSwiftPackageReference "RxSwift" */ = {
			isa = XCRemoteSwiftPackageReference;
			repositoryURL = "https://github.com/ReactiveX/RxSwift.git";
			requirement = {
				kind = upToNextMajorVersion;
				minimumVersion = 6.7.1;
			};
		};
		48CA27E92C58FC7900D84F23 /* XCRemoteSwiftPackageReference "SnapKit" */ = {
			isa = XCRemoteSwiftPackageReference;
			repositoryURL = "https://github.com/SnapKit/SnapKit.git";
			requirement = {
				kind = upToNextMajorVersion;
				minimumVersion = 5.7.1;
			};
		};
/* End XCRemoteSwiftPackageReference section */

/* Begin XCSwiftPackageProductDependency section */
		48CA27E52C58FC6D00D84F23 /* RxCocoa */ = {
			isa = XCSwiftPackageProductDependency;
			package = 48CA27E42C58FC6D00D84F23 /* XCRemoteSwiftPackageReference "RxSwift" */;
			productName = RxCocoa;
		};
		48CA27E72C58FC6D00D84F23 /* RxSwift */ = {
			isa = XCSwiftPackageProductDependency;
			package = 48CA27E42C58FC6D00D84F23 /* XCRemoteSwiftPackageReference "RxSwift" */;
			productName = RxSwift;
		};
		48CA27EA2C58FC7900D84F23 /* SnapKit */ = {
			isa = XCSwiftPackageProductDependency;
			package = 48CA27E92C58FC7900D84F23 /* XCRemoteSwiftPackageReference "SnapKit" */;
			productName = SnapKit;
		};
/* End XCSwiftPackageProductDependency section */
	};
	rootObject = 48CA27C52C58FB7500D84F23 /* Project object */;
}
